
Microsoft Visual Studio Solution File, Format Version 12.00
# Visual Studio Version 17
VisualStudioVersion = 17.0.31903.59
MinimumVisualStudioVersion = 10.0.40219.1
Project("{FAE04EC0-301F-11D3-BF4B-00C04F79EFBC}") = "Server", "Server\Server.csproj", "{2BD88468-7F02-4485-B350-373D1EBA7574}"
EndProject
Project("{FAE04EC0-301F-11D3-BF4B-00C04F79EFBC}") = "Domain", "Domain\Domain.csproj", "{090AE9D5-10CE-473D-A835-366186FFB477}"
EndProject
Project("{FAE04EC0-301F-11D3-BF4B-00C04F79EFBC}") = "Application", "Application\Application.csproj", "{B2325398-267C-40EB-B7D8-D6374C9A3350}"
EndProject
Project("{FAE04EC0-301F-11D3-BF4B-00C04F79EFBC}") = "Infrastructure", "Infrastructure\Infrastructure.csproj", "{AA0E8008-07FB-4D11-B902-B3467BF62024}"
EndProject
Global
	GlobalSection(SolutionConfigurationPlatforms) = preSolution
		Debug|Any CPU = Debug|Any CPU
		Release|Any CPU = Release|Any CPU
	EndGlobalSection
	GlobalSection(SolutionProperties) = preSolution
		HideSolutionNode = FALSE
	EndGlobalSection
	GlobalSection(ProjectConfigurationPlatforms) = postSolution
		{2BD88468-7F02-4485-B350-373D1EBA7574}.Debug|Any CPU.ActiveCfg = Debug|Any CPU
		{2BD88468-7F02-4485-B350-373D1EBA7574}.Debug|Any CPU.Build.0 = Debug|Any CPU
		{2BD88468-7F02-4485-B350-373D1EBA7574}.Release|Any CPU.ActiveCfg = Release|Any CPU
		{2BD88468-7F02-4485-B350-373D1EBA7574}.Release|Any CPU.Build.0 = Release|Any CPU
		{090AE9D5-10CE-473D-A835-366186FFB477}.Debug|Any CPU.ActiveCfg = Debug|Any CPU
		{090AE9D5-10CE-473D-A835-366186FFB477}.Debug|Any CPU.Build.0 = Debug|Any CPU
		{090AE9D5-10CE-473D-A835-366186FFB477}.Release|Any CPU.ActiveCfg = Release|Any CPU
		{090AE9D5-10CE-473D-A835-366186FFB477}.Release|Any CPU.Build.0 = Release|Any CPU
		{B2325398-267C-40EB-B7D8-D6374C9A3350}.Debug|Any CPU.ActiveCfg = Debug|Any CPU
		{B2325398-267C-40EB-B7D8-D6374C9A3350}.Debug|Any CPU.Build.0 = Debug|Any CPU
		{B2325398-267C-40EB-B7D8-D6374C9A3350}.Release|Any CPU.ActiveCfg = Release|Any CPU
		{B2325398-267C-40EB-B7D8-D6374C9A3350}.Release|Any CPU.Build.0 = Release|Any CPU
		{AA0E8008-07FB-4D11-B902-B3467BF62024}.Debug|Any CPU.ActiveCfg = Debug|Any CPU
		{AA0E8008-07FB-4D11-B902-B3467BF62024}.Debug|Any CPU.Build.0 = Debug|Any CPU
		{AA0E8008-07FB-4D11-B902-B3467BF62024}.Release|Any CPU.ActiveCfg = Release|Any CPU
		{AA0E8008-07FB-4D11-B902-B3467BF62024}.Release|Any CPU.Build.0 = Release|Any CPU
	EndGlobalSection
EndGlobal
